<?xml version="1.0" encoding="utf-8"?>
<Project ToolsVersion="4.0" xmlns="http://schemas.microsoft.com/developer/msbuild/2003">
  <ItemGroup>
    <Filter Include="源文件">
      <UniqueIdentifier>{4FC737F1-C7A5-4376-A066-2A32D752A2FF}</UniqueIdentifier>
      <Extensions>cpp;c;cc;cxx;def;odl;idl;hpj;bat;asm;asmx</Extensions>
    </Filter>
    <Filter Include="头文件">
      <UniqueIdentifier>{93995380-89BD-4b04-88EB-625FBE52EBFB}</UniqueIdentifier>
      <Extensions>h;hpp;hxx;hm;inl;inc;xsd</Extensions>
    </Filter>
    <Filter Include="资源文件">
      <UniqueIdentifier>{67DA6AB6-F800-4c08-8B7A-83BB121AAD01}</UniqueIdentifier>
      <Extensions>rc;ico;cur;bmp;dlg;rc2;rct;bin;rgs;gif;jpg;jpeg;jpe;resx;tiff;tif;png;wav</Extensions>
    </Filter>
    <Filter Include="libevent_core">
      <UniqueIdentifier>{5cd2b3c9-634a-457d-9c3c-79f5326c9955}</UniqueIdentifier>
    </Filter>
    <Filter Include="libevent_extras">
      <UniqueIdentifier>{27f0a367-f1ff-4735-9685-e082208ab004}</UniqueIdentifier>
    </Filter>
    <Filter Include="win32">
      <UniqueIdentifier>{959fca44-6bd5-4bf1-8e1d-caea5c3a8f67}</UniqueIdentifier>
    </Filter>
  </ItemGroup>
  <ItemGroup>
    <ClCompile Include="stdafx.cpp">
      <Filter>源文件</Filter>
    </ClCompile>
    <ClCompile Include="buffer.c">
      <Filter>libevent_core</Filter>
    </ClCompile>
    <ClCompile Include="bufferevent.c">
      <Filter>libevent_core</Filter>
    </ClCompile>
    <ClCompile Include="bufferevent_filter.c">
      <Filter>libevent_core</Filter>
    </ClCompile>
    <ClCompile Include="bufferevent_pair.c">
      <Filter>libevent_core</Filter>
    </ClCompile>
    <ClCompile Include="bufferevent_ratelim.c">
      <Filter>libevent_core</Filter>
    </ClCompile>
    <ClCompile Include="bufferevent_sock.c">
      <Filter>libevent_core</Filter>
    </ClCompile>
    <ClCompile Include="event.c">
      <Filter>libevent_core</Filter>
    </ClCompile>
    <ClCompile Include="evmap.c">
      <Filter>libevent_core</Filter>
    </ClCompile>
    <ClCompile Include="evthread.c">
      <Filter>libevent_core</Filter>
    </ClCompile>
    <ClCompile Include="evutil.c">
      <Filter>libevent_core</Filter>
    </ClCompile>
    <ClCompile Include="evutil_rand.c">
      <Filter>libevent_core</Filter>
    </ClCompile>
    <ClCompile Include="http.c">
      <Filter>libevent_core</Filter>
    </ClCompile>
    <ClCompile Include="listener.c">
      <Filter>libevent_core</Filter>
    </ClCompile>
    <ClCompile Include="log.c">
      <Filter>libevent_core</Filter>
    </ClCompile>
    <ClCompile Include="signal.c">
      <Filter>libevent_core</Filter>
    </ClCompile>
    <ClCompile Include="strlcpy.c">
      <Filter>libevent_core</Filter>
    </ClCompile>
    <ClCompile Include="evdns.c">
      <Filter>libevent_extras</Filter>
    </ClCompile>
    <ClCompile Include="event_tagging.c">
      <Filter>libevent_extras</Filter>
    </ClCompile>
    <ClCompile Include="evrpc.c">
      <Filter>libevent_extras</Filter>
    </ClCompile>
    <ClCompile Include="buffer_iocp.c">
      <Filter>win32</Filter>
    </ClCompile>
    <ClCompile Include="bufferevent_async.c">
      <Filter>win32</Filter>
    </ClCompile>
    <ClCompile Include="event_iocp.c">
      <Filter>win32</Filter>
    </ClCompile>
    <ClCompile Include="evthread_win32.c">
      <Filter>win32</Filter>
    </ClCompile>
    <ClCompile Include="win32select.c">
      <Filter>win32</Filter>
    </ClCompile>
  </ItemGroup>
  <ItemGroup>
    <ClInclude Include="stdafx.h">
      <Filter>头文件</Filter>
    </ClInclude>
    <ClInclude Include="evdns.h">
      <Filter>libevent_extras</Filter>
    </ClInclude>
    <ClInclude Include="evrpc.h">
      <Filter>libevent_extras</Filter>
    </ClInclude>
  </ItemGroup>
  <ItemGroup>
    <Text Include="ReadMe.txt" />
  </ItemGroup>
</Project>